// !$*UTF8*$!
{
	archiveVersion = 1;
	classes = {
	};
	objectVersion = 50;
	objects = {

/* Begin PBXBuildFile section */
		FDFC78E4213F5212009AE666 /* AppDelegate.swift in Sources */ = {isa = PBXBuildFile; fileRef = FDFC78E3213F5212009AE666 /* AppDelegate.swift */; };
		FDFC78E6213F5212009AE666 /* ViewController.swift in Sources */ = {isa = PBXBuildFile; fileRef = FDFC78E5213F5212009AE666 /* ViewController.swift */; };
		FDFC78E9213F5212009AE666 /* Main.storyboard in Resources */ = {isa = PBXBuildFile; fileRef = FDFC78E7213F5212009AE666 /* Main.storyboard */; };
		FDFC78EB213F5217009AE666 /* Assets.xcassets in Resources */ = {isa = PBXBuildFile; fileRef = FDFC78EA213F5217009AE666 /* Assets.xcassets */; };
		FDFC78EE213F5217009AE666 /* LaunchScreen.storyboard in Resources */ = {isa = PBXBuildFile; fileRef = FDFC78EC213F5217009AE666 /* LaunchScreen.storyboard */; };
		FDFC78F9213F5218009AE666 /* FlixTests.swift in Sources */ = {isa = PBXBuildFile; fileRef = FDFC78F8213F5218009AE666 /* FlixTests.swift */; };
		FDFC7904213F5218009AE666 /* FlixUITests.swift in Sources */ = {isa = PBXBuildFile; fileRef = FDFC7903213F5218009AE666 /* FlixUITests.swift */; };
/* End PBXBuildFile section */

/* Begin PBXContainerItemProxy section */
		FDFC78F5213F5218009AE666 /* PBXContainerItemProxy */ = {
			isa = PBXContainerItemProxy;
			containerPortal = FDFC78D8213F5212009AE666 /* Project object */;
			proxyType = 1;
			remoteGlobalIDString = FDFC78DF213F5212009AE666;
			remoteInfo = Flix;
		};
		FDFC7900213F5218009AE666 /* PBXContainerItemProxy */ = {
			isa = PBXContainerItemProxy;
			containerPortal = FDFC78D8213F5212009AE666 /* Project object */;
			proxyType = 1;
			remoteGlobalIDString = FDFC78DF213F5212009AE666;
			remoteInfo = Flix;
		};
/* End PBXContainerItemProxy section */

/* Begin PBXFileReference section */
		FDFC78E0213F5212009AE666 /* Flix.app */ = {isa = PBXFileReference; explicitFileType = wrapper.application; includeInIndex = 0; path = Flix.app; sourceTree = BUILT_PRODUCTS_DIR; };
		FDFC78E3213F5212009AE666 /* AppDelegate.swift */ = {isa = PBXFileReference; lastKnownFileType = sourcecode.swift; path = AppDelegate.swift; sourceTree = "<group>"; };
		FDFC78E5213F5212009AE666 /* ViewController.swift */ = {isa = PBXFileReference; lastKnownFileType = sourcecode.swift; path = ViewController.swift; sourceTree = "<group>"; };
		FDFC78E8213F5212009AE666 /* Base */ = {isa = PBXFileReference; lastKnownFileType = file.storyboard; name = Base; path = Base.lproj/Main.storyboard; sourceTree = "<group>"; };
		FDFC78EA213F5217009AE666 /* Assets.xcassets */ = {isa = PBXFileReference; lastKnownFileType = folder.assetcatalog; path = Assets.xcassets; sourceTree = "<group>"; };
		FDFC78ED213F5217009AE666 /* Base */ = {isa = PBXFileReference; lastKnownFileType = file.storyboard; name = Base; path = Base.lproj/LaunchScreen.storyboard; sourceTree = "<group>"; };
		FDFC78EF213F5217009AE666 /* Info.plist */ = {isa = PBXFileReference; lastKnownFileType = text.plist.xml; path = Info.plist; sourceTree = "<group>"; };
		FDFC78F4213F5218009AE666 /* FlixTests.xctest */ = {isa = PBXFileReference; explicitFileType = wrapper.cfbundle; includeInIndex = 0; path = FlixTests.xctest; sourceTree = BUILT_PRODUCTS_DIR; };
		FDFC78F8213F5218009AE666 /* FlixTests.swift */ = {isa = PBXFileReference; lastKnownFileType = sourcecode.swift; path = FlixTests.swift; sourceTree = "<group>"; };
		FDFC78FA213F5218009AE666 /* Info.plist */ = {isa = PBXFileReference; lastKnownFileType = text.plist.xml; path = Info.plist; sourceTree = "<group>"; };
		FDFC78FF213F5218009AE666 /* FlixUITests.xctest */ = {isa = PBXFileReference; explicitFileType = wrapper.cfbundle; includeInIndex = 0; path = FlixUITests.xctest; sourceTree = BUILT_PRODUCTS_DIR; };
		FDFC7903213F5218009AE666 /* FlixUITests.swift */ = {isa = PBXFileReference; lastKnownFileType = sourcecode.swift; path = FlixUITests.swift; sourceTree = "<group>"; };
		FDFC7905213F5218009AE666 /* Info.plist */ = {isa = PBXFileReference; lastKnownFileType = text.plist.xml; path = Info.plist; sourceTree = "<group>"; };
/* End PBXFileReference section */

/* Begin PBXFrameworksBuildPhase section */
		FDFC78DD213F5212009AE666 /* Frameworks */ = {
			isa = PBXFrameworksBuildPhase;
			buildActionMask = 2147483647;
			files = (
			);
			runOnlyForDeploymentPostprocessing = 0;
		};
		FDFC78F1213F5218009AE666 /* Frameworks */ = {
			isa = PBXFrameworksBuildPhase;
			buildActionMask = 2147483647;
			files = (
			);
			runOnlyForDeploymentPostprocessing = 0;
		};
		FDFC78FC213F5218009AE666 /* Frameworks */ = {
			isa = PBXFrameworksBuildPhase;
			buildActionMask = 2147483647;
			files = (
			);
			runOnlyForDeploymentPostprocessing = 0;
		};
/* End PBXFrameworksBuildPhase section */

/* Begin PBXGroup section */
		FDFC78D7213F5212009AE666 = {
			isa = PBXGroup;
			children = (
				FDFC78E2213F5212009AE666 /* Flix */,
				FDFC78F7213F5218009AE666 /* FlixTests */,
				FDFC7902213F5218009AE666 /* FlixUITests */,
				FDFC78E1213F5212009AE666 /* Products */,
			);
			sourceTree = "<group>";
		};
		FDFC78E1213F5212009AE666 /* Products */ = {
			isa = PBXGroup;
			children = (
				FDFC78E0213F5212009AE666 /* Flix.app */,
				FDFC78F4213F5218009AE666 /* FlixTests.xctest */,
				FDFC78FF213F5218009AE666 /* FlixUITests.xctest */,
			);
			name = Products;
			sourceTree = "<group>";
		};
		FDFC78E2213F5212009AE666 /* Flix */ = {
			isa = PBXGroup;
			children = (
				FDFC78E3213F5212009AE666 /* AppDelegate.swift */,
				FDFC78E5213F5212009AE666 /* ViewController.swift */,
				FDFC78E7213F5212009AE666 /* Main.storyboard */,
				FDFC78EA213F5217009AE666 /* Assets.xcassets */,
				FDFC78EC213F5217009AE666 /* LaunchScreen.storyboard */,
				FDFC78EF213F5217009AE666 /* Info.plist */,
			);
			path = Flix;
			sourceTree = "<group>";
		};
		FDFC78F7213F5218009AE666 /* FlixTests */ = {
			isa = PBXGroup;
			children = (
				FDFC78F8213F5218009AE666 /* FlixTests.swift */,
				FDFC78FA213F5218009AE666 /* Info.plist */,
			);
			path = FlixTests;
			sourceTree = "<group>";
		};
		FDFC7902213F5218009AE666 /* FlixUITests */ = {
			isa = PBXGroup;
			children = (
				FDFC7903213F5218009AE666 /* FlixUITests.swift */,
				FDFC7905213F5218009AE666 /* Info.plist */,
			);
			path = FlixUITests;
			sourceTree = "<group>";
		};
/* End PBXGroup section */

/* Begin PBXNativeTarget section */
		FDFC78DF213F5212009AE666 /* Flix */ = {
			isa = PBXNativeTarget;
			buildConfigurationList = FDFC7908213F5218009AE666 /* Build configuration list for PBXNativeTarget "Flix" */;
			buildPhases = (
				FDFC78DC213F5212009AE666 /* Sources */,
				FDFC78DD213F5212009AE666 /* Frameworks */,
				FDFC78DE213F5212009AE666 /* Resources */,
			);
			buildRules = (
			);
			dependencies = (
			);
			name = Flix;
			productName = Flix;
			productReference = FDFC78E0213F5212009AE666 /* Flix.app */;
			productType = "com.apple.product-type.application";
		};
		FDFC78F3213F5218009AE666 /* FlixTests */ = {
			isa = PBXNativeTarget;
			buildConfigurationList = FDFC790B213F5218009AE666 /* Build configuration list for PBXNativeTarget "FlixTests" */;
			buildPhases = (
				FDFC78F0213F5218009AE666 /* Sources */,
				FDFC78F1213F5218009AE666 /* Frameworks */,
				FDFC78F2213F5218009AE666 /* Resources */,
			);
			buildRules = (
			);
			dependencies = (
				FDFC78F6213F5218009AE666 /* PBXTargetDependency */,
			);
			name = FlixTests;
			productName = FlixTests;
			productReference = FDFC78F4213F5218009AE666 /* FlixTests.xctest */;
			productType = "com.apple.product-type.bundle.unit-test";
		};
		FDFC78FE213F5218009AE666 /* FlixUITests */ = {
			isa = PBXNativeTarget;
			buildConfigurationList = FDFC790E213F5218009AE666 /* Build configuration list for PBXNativeTarget "FlixUITests" */;
			buildPhases = (
				FDFC78FB213F5218009AE666 /* Sources */,
				FDFC78FC213F5218009AE666 /* Frameworks */,
				FDFC78FD213F5218009AE666 /* Resources */,
			);
			buildRules = (
			);
			dependencies = (
				FDFC7901213F5218009AE666 /* PBXTargetDependency */,
			);
			name = FlixUITests;
			productName = FlixUITests;
			productReference = FDFC78FF213F5218009AE666 /* FlixUITests.xctest */;
			productType = "com.apple.product-type.bundle.ui-testing";
		};
/* End PBXNativeTarget section */

/* Begin PBXProject section */
		FDFC78D8213F5212009AE666 /* Project object */ = {
			isa = PBXProject;
			attributes = {
				LastSwiftUpdateCheck = 0930;
				LastUpgradeCheck = 0930;
				ORGANIZATIONNAME = "Nazija Akter";
				TargetAttributes = {
					FDFC78DF213F5212009AE666 = {
						CreatedOnToolsVersion = 9.3;
					};
					FDFC78F3213F5218009AE666 = {
						CreatedOnToolsVersion = 9.3;
						TestTargetID = FDFC78DF213F5212009AE666;
					};
					FDFC78FE213F5218009AE666 = {
						CreatedOnToolsVersion = 9.3;
						TestTargetID = FDFC78DF213F5212009AE666;
					};
				};
			};
			buildConfigurationList = FDFC78DB213F5212009AE666 /* Build configuration list for PBXProject "Flix" */;
			compatibilityVersion = "Xcode 9.3";
			developmentRegion = en;
			hasScannedForEncodings = 0;
			knownRegions = (
				en,
				Base,
			);
			mainGroup = FDFC78D7213F5212009AE666;
			productRefGroup = FDFC78E1213F5212009AE666 /* Products */;
			projectDirPath = "";
			projectRoot = "";
			targets = (
				FDFC78DF213F5212009AE666 /* Flix */,
				FDFC78F3213F5218009AE666 /* FlixTests */,
				FDFC78FE213F5218009AE666 /* FlixUITests */,
			);
		};
/* End PBXProject section */

/* Begin PBXResourcesBuildPhase section */
		FDFC78DE213F5212009AE666 /* Resources */ = {
			isa = PBXResourcesBuildPhase;
			buildActionMask = 2147483647;
			files = (
				FDFC78EE213F5217009AE666 /* LaunchScreen.storyboard in Resources */,
				FDFC78EB213F5217009AE666 /* Assets.xcassets in Resources */,
				FDFC78E9213F5212009AE666 /* Main.storyboard in Resources */,
			);
			runOnlyForDeploymentPostprocessing = 0;
		};
		FDFC78F2213F5218009AE666 /* Resources */ = {
			isa = PBXResourcesBuildPhase;
			buildActionMask = 2147483647;
			files = (
			);
			runOnlyForDeploymentPostprocessing = 0;
		};
		FDFC78FD213F5218009AE666 /* Resources */ = {
			isa = PBXResourcesBuildPhase;
			buildActionMask = 2147483647;
			files = (
			);
			runOnlyForDeploymentPostprocessing = 0;
		};
/* End PBXResourcesBuildPhase section */

/* Begin PBXSourcesBuildPhase section */
		FDFC78DC213F5212009AE666 /* Sources */ = {
			isa = PBXSourcesBuildPhase;
			buildActionMask = 2147483647;
			files = (
				FDFC78E6213F5212009AE666 /* ViewController.swift in Sources */,
				FDFC78E4213F5212009AE666 /* AppDelegate.swift in Sources */,
			);
			runOnlyForDeploymentPostprocessing = 0;
		};
		FDFC78F0213F5218009AE666 /* Sources */ = {
			isa = PBXSourcesBuildPhase;
			buildActionMask = 2147483647;
			files = (
				FDFC78F9213F5218009AE666 /* FlixTests.swift in Sources */,
			);
			runOnlyForDeploymentPostprocessing = 0;
		};
		FDFC78FB213F5218009AE666 /* Sources */ = {
			isa = PBXSourcesBuildPhase;
			buildActionMask = 2147483647;
			files = (
				FDFC7904213F5218009AE666 /* FlixUITests.swift in Sources */,
			);
			runOnlyForDeploymentPostprocessing = 0;
		};
/* End PBXSourcesBuildPhase section */

/* Begin PBXTargetDependency section */
		FDFC78F6213F5218009AE666 /* PBXTargetDependency */ = {
			isa = PBXTargetDependency;
			target = FDFC78DF213F5212009AE666 /* Flix */;
			targetProxy = FDFC78F5213F5218009AE666 /* PBXContainerItemProxy */;
		};
		FDFC7901213F5218009AE666 /* PBXTargetDependency */ = {
			isa = PBXTargetDependency;
			target = FDFC78DF213F5212009AE666 /* Flix */;
			targetProxy = FDFC7900213F5218009AE666 /* PBXContainerItemProxy */;
		};
/* End PBXTargetDependency section */

/* Begin PBXVariantGroup section */
		FDFC78E7213F5212009AE666 /* Main.storyboard */ = {
			isa = PBXVariantGroup;
			children = (
				FDFC78E8213F5212009AE666 /* Base */,
			);
			name = Main.storyboard;
			sourceTree = "<group>";
		};
		FDFC78EC213F5217009AE666 /* LaunchScreen.storyboard */ = {
			isa = PBXVariantGroup;
			children = (
				FDFC78ED213F5217009AE666 /* Base */,
			);
			name = LaunchScreen.storyboard;
			sourceTree = "<group>";
		};
/* End PBXVariantGroup section */

/* Begin XCBuildConfiguration section */
		FDFC7906213F5218009AE666 /* Debug */ = {
			isa = XCBuildConfiguration;
			buildSettings = {
				ALWAYS_SEARCH_USER_PATHS = NO;
				CLANG_ANALYZER_NONNULL = YES;
				CLANG_ANALYZER_NUMBER_OBJECT_CONVERSION = YES_AGGRESSIVE;
				CLANG_CXX_LANGUAGE_STANDARD = "gnu++14";
				CLANG_CXX_LIBRARY = "libc++";
				CLANG_ENABLE_MODULES = YES;
				CLANG_ENABLE_OBJC_ARC = YES;
				CLANG_ENABLE_OBJC_WEAK = YES;
				CLANG_WARN_BLOCK_CAPTURE_AUTORELEASING = YES;
				CLANG_WARN_BOOL_CONVERSION = YES;
				CLANG_WARN_COMMA = YES;
				CLANG_WARN_CONSTANT_CONVERSION = YES;
				CLANG_WARN_DEPRECATED_OBJC_IMPLEMENTATIONS = YES;
				CLANG_WARN_DIRECT_OBJC_ISA_USAGE = YES_ERROR;
				CLANG_WARN_DOCUMENTATION_COMMENTS = YES;
				CLANG_WARN_EMPTY_BODY = YES;
				CLANG_WARN_ENUM_CONVERSION = YES;
				CLANG_WARN_INFINITE_RECURSION = YES;
				CLANG_WARN_INT_CONVERSION = YES;
				CLANG_WARN_NON_LITERAL_NULL_CONVERSION = YES;
				CLANG_WARN_OBJC_IMPLICIT_RETAIN_SELF = YES;
				CLANG_WARN_OBJC_LITERAL_CONVERSION = YES;
				CLANG_WARN_OBJC_ROOT_CLASS = YES_ERROR;
				CLANG_WARN_RANGE_LOOP_ANALYSIS = YES;
				CLANG_WARN_STRICT_PROTOTYPES = YES;
				CLANG_WARN_SUSPICIOUS_MOVE = YES;
				CLANG_WARN_UNGUARDED_AVAILABILITY = YES_AGGRESSIVE;
				CLANG_WARN_UNREACHABLE_CODE = YES;
				CLANG_WARN__DUPLICATE_METHOD_MATCH = YES;
				CODE_SIGN_IDENTITY = "iPhone Developer";
				COPY_PHASE_STRIP = NO;
				DEBUG_INFORMATION_FORMAT = dwarf;
				ENABLE_STRICT_OBJC_MSGSEND = YES;
				ENABLE_TESTABILITY = YES;
				GCC_C_LANGUAGE_STANDARD = gnu11;
				GCC_DYNAMIC_NO_PIC = NO;
				GCC_NO_COMMON_BLOCKS = YES;
				GCC_OPTIMIZATION_LEVEL = 0;
				GCC_PREPROCESSOR_DEFINITIONS = (
					"DEBUG=1",
					"$(inherited)",
				);
				GCC_WARN_64_TO_32_BIT_CONVERSION = YES;
				GCC_WARN_ABOUT_RETURN_TYPE = YES_ERROR;
				GCC_WARN_UNDECLARED_SELECTOR = YES;
				GCC_WARN_UNINITIALIZED_AUTOS = YES_AGGRESSIVE;
				GCC_WARN_UNUSED_FUNCTION = YES;
				GCC_WARN_UNUSED_VARIABLE = YES;
				IPHONEOS_DEPLOYMENT_TARGET = 11.3;
				MTL_ENABLE_DEBUG_INFO = YES;
				ONLY_ACTIVE_ARCH = YES;
				SDKROOT = iphoneos;
				SWIFT_ACTIVE_COMPILATION_CONDITIONS = DEBUG;
				SWIFT_OPTIMIZATION_LEVEL = "-Onone";
			};
			name = Debug;
		};
		FDFC7907213F5218009AE666 /* Release */ = {
			isa = XCBuildConfiguration;
			buildSettings = {
				ALWAYS_SEARCH_USER_PATHS = NO;
				CLANG_ANALYZER_NONNULL = YES;
				CLANG_ANALYZER_NUMBER_OBJECT_CONVERSION = YES_AGGRESSIVE;
				CLANG_CXX_LANGUAGE_STANDARD = "gnu++14";
				CLANG_CXX_LIBRARY = "libc++";
				CLANG_ENABLE_MODULES = YES;
				CLANG_ENABLE_OBJC_ARC = YES;
				CLANG_ENABLE_OBJC_WEAK = YES;
				CLANG_WARN_BLOCK_CAPTURE_AUTORELEASING = YES;
				CLANG_WARN_BOOL_CONVERSION = YES;
				CLANG_WARN_COMMA = YES;
				CLANG_WARN_CONSTANT_CONVERSION = YES;
				CLANG_WARN_DEPRECATED_OBJC_IMPLEMENTATIONS = YES;
				CLANG_WARN_DIRECT_OBJC_ISA_USAGE = YES_ERROR;
				CLANG_WARN_DOCUMENTATION_COMMENTS = YES;
				CLANG_WARN_EMPTY_BODY = YES;
				CLANG_WARN_ENUM_CONVERSION = YES;
				CLANG_WARN_INFINITE_RECURSION = YES;
				CLANG_WARN_INT_CONVERSION = YES;
				CLANG_WARN_NON_LITERAL_NULL_CONVERSION = YES;
				CLANG_WARN_OBJC_IMPLICIT_RETAIN_SELF = YES;
				CLANG_WARN_OBJC_LITERAL_CONVERSION = YES;
				CLANG_WARN_OBJC_ROOT_CLASS = YES_ERROR;
				CLANG_WARN_RANGE_LOOP_ANALYSIS = YES;
				CLANG_WARN_STRICT_PROTOTYPES = YES;
				CLANG_WARN_SUSPICIOUS_MOVE = YES;
				CLANG_WARN_UNGUARDED_AVAILABILITY = YES_AGGRESSIVE;
				CLANG_WARN_UNREACHABLE_CODE = YES;
				CLANG_WARN__DUPLICATE_METHOD_MATCH = YES;
				CODE_SIGN_IDENTITY = "iPhone Developer";
				COPY_PHASE_STRIP = NO;
				DEBUG_INFORMATION_FORMAT = "dwarf-with-dsym";
				ENABLE_NS_ASSERTIONS = NO;
				ENABLE_STRICT_OBJC_MSGSEND = YES;
				GCC_C_LANGUAGE_STANDARD = gnu11;
				GCC_NO_COMMON_BLOCKS = YES;
				GCC_WARN_64_TO_32_BIT_CONVERSION = YES;
				GCC_WARN_ABOUT_RETURN_TYPE = YES_ERROR;
				GCC_WARN_UNDECLARED_SELECTOR = YES;
				GCC_WARN_UNINITIALIZED_AUTOS = YES_AGGRESSIVE;
				GCC_WARN_UNUSED_FUNCTION = YES;
				GCC_WARN_UNUSED_VARIABLE = YES;
				IPHONEOS_DEPLOYMENT_TARGET = 11.3;
				MTL_ENABLE_DEBUG_INFO = NO;
				SDKROOT = iphoneos;
				SWIFT_COMPILATION_MODE = wholemodule;
				SWIFT_OPTIMIZATION_LEVEL = "-O";
				VALIDATE_PRODUCT = YES;
			};
			name = Release;
		};
		FDFC7909213F5218009AE666 /* Debug */ = {
			isa = XCBuildConfiguration;
			buildSettings = {
				ASSETCATALOG_COMPILER_APPICON_NAME = AppIcon;
				CODE_SIGN_STYLE = Automatic;
				DEVELOPMENT_TEAM = D58SKFAC3F;
				INFOPLIST_FILE = Flix/Info.plist;
				LD_RUNPATH_SEARCH_PATHS = (
					"$(inherited)",
					"@executable_path/Frameworks",
				);
				PRODUCT_BUNDLE_IDENTIFIER = Week1.Flix;
				PRODUCT_NAME = "$(TARGET_NAME)";
				SWIFT_VERSION = 4.0;
				TARGETED_DEVICE_FAMILY = "1,2";
			};
			name = Debug;
		};
		FDFC790A213F5218009AE666 /* Release */ = {
			isa = XCBuildConfiguration;
			buildSettings = {
				ASSETCATALOG_COMPILER_APPICON_NAME = AppIcon;
				CODE_SIGN_STYLE = Automatic;
				DEVELOPMENT_TEAM = D58SKFAC3F;
				INFOPLIST_FILE = Flix/Info.plist;
				LD_RUNPATH_SEARCH_PATHS = (
					"$(inherited)",
					"@executable_path/Frameworks",
				);
				PRODUCT_BUNDLE_IDENTIFIER = Week1.Flix;
				PRODUCT_NAME = "$(TARGET_NAME)";
				SWIFT_VERSION = 4.0;
				TARGETED_DEVICE_FAMILY = "1,2";
			};
			name = Release;
		};
		FDFC790C213F5218009AE666 /* Debug */ = {
			isa = XCBuildConfiguration;
			buildSettings = {
				ALWAYS_EMBED_SWIFT_STANDARD_LIBRARIES = YES;
				BUNDLE_LOADER = "$(TEST_HOST)";
				CODE_SIGN_STYLE = Automatic;
				DEVELOPMENT_TEAM = D58SKFAC3F;
				INFOPLIST_FILE = FlixTests/Info.plist;
				LD_RUNPATH_SEARCH_PATHS = (
					"$(inherited)",
					"@executable_path/Frameworks",
					"@loader_path/Frameworks",
				);
				PRODUCT_BUNDLE_IDENTIFIER = Week1.FlixTests;
				PRODUCT_NAME = "$(TARGET_NAME)";
				SWIFT_VERSION = 4.0;
				TARGETED_DEVICE_FAMILY = "1,2";
				TEST_HOST = "$(BUILT_PRODUCTS_DIR)/Flix.app/Flix";
			};
			name = Debug;
		};
		FDFC790D213F5218009AE666 /* Release */ = {
			isa = XCBuildConfiguration;
			buildSettings = {
				ALWAYS_EMBED_SWIFT_STANDARD_LIBRARIES = YES;
				BUNDLE_LOADER = "$(TEST_HOST)";
				CODE_SIGN_STYLE = Automatic;
				DEVELOPMENT_TEAM = D58SKFAC3F;
				INFOPLIST_FILE = FlixTests/Info.plist;
				LD_RUNPATH_SEARCH_PATHS = (
					"$(inherited)",
					"@executable_path/Frameworks",
					"@loader_path/Frameworks",
				);
				PRODUCT_BUNDLE_IDENTIFIER = Week1.FlixTests;
				PRODUCT_NAME = "$(TARGET_NAME)";
				SWIFT_VERSION = 4.0;
				TARGETED_DEVICE_FAMILY = "1,2";
				TEST_HOST = "$(BUILT_PRODUCTS_DIR)/Flix.app/Flix";
			};
			name = Release;
		};
		FDFC790F213F5218009AE666 /* Debug */ = {
			isa = XCBuildConfiguration;
			buildSettings = {
				ALWAYS_EMBED_SWIFT_STANDARD_LIBRARIES = YES;
				CODE_SIGN_STYLE = Automatic;
				DEVELOPMENT_TEAM = D58SKFAC3F;
				INFOPLIST_FILE = FlixUITests/Info.plist;
				LD_RUNPATH_SEARCH_PATHS = (
					"$(inherited)",
					"@executable_path/Frameworks",
					"@loader_path/Frameworks",
				);
				PRODUCT_BUNDLE_IDENTIFIER = Week1.FlixUITests;
				PRODUCT_NAME = "$(TARGET_NAME)";
				SWIFT_VERSION = 4.0;
				TARGETED_DEVICE_FAMILY = "1,2";
				TEST_TARGET_NAME = Flix;
			};
			name = Debug;
		};
		FDFC7910213F5218009AE666 /* Release */ = {
			isa = XCBuildConfiguration;
			buildSettings = {
				ALWAYS_EMBED_SWIFT_STANDARD_LIBRARIES = YES;
				CODE_SIGN_STYLE = Automatic;
				DEVELOPMENT_TEAM = D58SKFAC3F;
				INFOPLIST_FILE = FlixUITests/Info.plist;
				LD_RUNPATH_SEARCH_PATHS = (
					"$(inherited)",
					"@executable_path/Frameworks",
					"@loader_path/Frameworks",
				);
				PRODUCT_BUNDLE_IDENTIFIER = Week1.FlixUITests;
				PRODUCT_NAME = "$(TARGET_NAME)";
				SWIFT_VERSION = 4.0;
				TARGETED_DEVICE_FAMILY = "1,2";
				TEST_TARGET_NAME = Flix;
			};
			name = Release;
		};
/* End XCBuildConfiguration section */

/* Begin XCConfigurationList section */
		FDFC78DB213F5212009AE666 /* Build configuration list for PBXProject "Flix" */ = {
			isa = XCConfigurationList;
			buildConfigurations = (
				FDFC7906213F5218009AE666 /* Debug */,
				FDFC7907213F5218009AE666 /* Release */,
			);
			defaultConfigurationIsVisible = 0;
			defaultConfigurationName = Release;
		};
		FDFC7908213F5218009AE666 /* Build configuration list for PBXNativeTarget "Flix" */ = {
			isa = XCConfigurationList;
			buildConfigurations = (
				FDFC7909213F5218009AE666 /* Debug */,
				FDFC790A213F5218009AE666 /* Release */,
			);
			defaultConfigurationIsVisible = 0;
			defaultConfigurationName = Release;
		};
		FDFC790B213F5218009AE666 /* Build configuration list for PBXNativeTarget "FlixTests" */ = {
			isa = XCConfigurationList;
			buildConfigurations = (
				FDFC790C213F5218009AE666 /* Debug */,
				FDFC790D213F5218009AE666 /* Release */,
			);
			defaultConfigurationIsVisible = 0;
			defaultConfigurationName = Release;
		};
		FDFC790E213F5218009AE666 /* Build configuration list for PBXNativeTarget "FlixUITests" */ = {
			isa = XCConfigurationList;
			buildConfigurations = (
				FDFC790F213F5218009AE666 /* Debug */,
				FDFC7910213F5218009AE666 /* Release */,
			);
			defaultConfigurationIsVisible = 0;
			defaultConfigurationName = Release;
		};
/* End XCConfigurationList section */
	};
	rootObject = FDFC78D8213F5212009AE666 /* Project object */;
}
